
Microsoft Visual Studio Solution File, Format Version 12.00
# Visual Studio Version 17
VisualStudioVersion = 17.10.35027.167
MinimumVisualStudioVersion = 10.0.40219.1
Project("{9A19103F-16F7-4668-BE54-9A1E7A4F7556}") = "HypeLab.RxPatternsResolver", "HypeLab.RxPatternsResolver\HypeLab.RxPatternsResolver.csproj", "{8631A2A9-8792-482B-ACA5-D00191676EF9}"
EndProject
Project("{2150E333-8FDC-42A3-9474-1A3956D46DE8}") = "src", "src", "{2024A7A1-838D-4047-9705-0800068B986C}"
EndProject
Project("{9A19103F-16F7-4668-BE54-9A1E7A4F7556}") = "HypeLab.MailEngine", "HypeLab.MailEngine\HypeLab.MailEngine.csproj", "{2CB50929-F67D-47EB-92AF-5E615056A37D}"
EndProject
Project("{9A19103F-16F7-4668-BE54-9A1E7A4F7556}") = "TestApiForLibraries", "TestApiForLibraries\TestApiForLibraries.csproj", "{9664EB1B-E9A6-4641-B99A-C9696C56FDE7}"
EndProject
Project("{FAE04EC0-301F-11D3-BF4B-00C04F79EFBC}") = "HypeLab.BackgroundTasks", "HypeLab.BackgroundTasks\HypeLab.BackgroundTasks.csproj", "{09A05E73-4816-48EE-8CC4-6BB5DCFD183F}"
EndProject
Global
	GlobalSection(SolutionConfigurationPlatforms) = preSolution
		Debug|Any CPU = Debug|Any CPU
		Release|Any CPU = Release|Any CPU
	EndGlobalSection
	GlobalSection(ProjectConfigurationPlatforms) = postSolution
		{8631A2A9-8792-482B-ACA5-D00191676EF9}.Debug|Any CPU.ActiveCfg = Debug|Any CPU
		{8631A2A9-8792-482B-ACA5-D00191676EF9}.Debug|Any CPU.Build.0 = Debug|Any CPU
		{8631A2A9-8792-482B-ACA5-D00191676EF9}.Release|Any CPU.ActiveCfg = Release|Any CPU
		{8631A2A9-8792-482B-ACA5-D00191676EF9}.Release|Any CPU.Build.0 = Release|Any CPU
		{2CB50929-F67D-47EB-92AF-5E615056A37D}.Debug|Any CPU.ActiveCfg = Debug|Any CPU
		{2CB50929-F67D-47EB-92AF-5E615056A37D}.Debug|Any CPU.Build.0 = Debug|Any CPU
		{2CB50929-F67D-47EB-92AF-5E615056A37D}.Release|Any CPU.ActiveCfg = Release|Any CPU
		{2CB50929-F67D-47EB-92AF-5E615056A37D}.Release|Any CPU.Build.0 = Release|Any CPU
		{9664EB1B-E9A6-4641-B99A-C9696C56FDE7}.Debug|Any CPU.ActiveCfg = Debug|Any CPU
		{9664EB1B-E9A6-4641-B99A-C9696C56FDE7}.Debug|Any CPU.Build.0 = Debug|Any CPU
		{9664EB1B-E9A6-4641-B99A-C9696C56FDE7}.Release|Any CPU.ActiveCfg = Release|Any CPU
		{9664EB1B-E9A6-4641-B99A-C9696C56FDE7}.Release|Any CPU.Build.0 = Release|Any CPU
		{09A05E73-4816-48EE-8CC4-6BB5DCFD183F}.Debug|Any CPU.ActiveCfg = Debug|Any CPU
		{09A05E73-4816-48EE-8CC4-6BB5DCFD183F}.Debug|Any CPU.Build.0 = Debug|Any CPU
		{09A05E73-4816-48EE-8CC4-6BB5DCFD183F}.Release|Any CPU.ActiveCfg = Release|Any CPU
		{09A05E73-4816-48EE-8CC4-6BB5DCFD183F}.Release|Any CPU.Build.0 = Release|Any CPU
	EndGlobalSection
	GlobalSection(SolutionProperties) = preSolution
		HideSolutionNode = FALSE
	EndGlobalSection
	GlobalSection(NestedProjects) = preSolution
		{8631A2A9-8792-482B-ACA5-D00191676EF9} = {2024A7A1-838D-4047-9705-0800068B986C}
		{2CB50929-F67D-47EB-92AF-5E615056A37D} = {2024A7A1-838D-4047-9705-0800068B986C}
		{9664EB1B-E9A6-4641-B99A-C9696C56FDE7} = {2024A7A1-838D-4047-9705-0800068B986C}
		{09A05E73-4816-48EE-8CC4-6BB5DCFD183F} = {2024A7A1-838D-4047-9705-0800068B986C}
	EndGlobalSection
	GlobalSection(ExtensibilityGlobals) = postSolution
		SolutionGuid = {40997FA2-2F22-4C95-AA71-E8BF93B76214}
	EndGlobalSection
EndGlobal
