
Microsoft Visual Studio Solution File, Format Version 12.00
# Visual Studio Version 17
VisualStudioVersion = 17.10.35027.167
MinimumVisualStudioVersion = 10.0.40219.1
Project("{9A19103F-16F7-4668-BE54-9A1E7A4F7556}") = "HypeLab.RxPatternsResolver", "HypeLab.RxPatternsResolver\HypeLab.RxPatternsResolver.csproj", "{8631A2A9-8792-482B-ACA5-D00191676EF9}"
EndProject
Project("{2150E333-8FDC-42A3-9474-1A3956D46DE8}") = "src", "src", "{2024A7A1-838D-4047-9705-0800068B986C}"
EndProject
Global
	GlobalSection(SolutionConfigurationPlatforms) = preSolution
		Debug|Any CPU = Debug|Any CPU
		Release|Any CPU = Release|Any CPU
	EndGlobalSection
	GlobalSection(ProjectConfigurationPlatforms) = postSolution
		{8631A2A9-8792-482B-ACA5-D00191676EF9}.Debug|Any CPU.ActiveCfg = Debug|Any CPU
		{8631A2A9-8792-482B-ACA5-D00191676EF9}.Debug|Any CPU.Build.0 = Debug|Any CPU
		{8631A2A9-8792-482B-ACA5-D00191676EF9}.Release|Any CPU.ActiveCfg = Release|Any CPU
		{8631A2A9-8792-482B-ACA5-D00191676EF9}.Release|Any CPU.Build.0 = Release|Any CPU
	EndGlobalSection
	GlobalSection(SolutionProperties) = preSolution
		HideSolutionNode = FALSE
	EndGlobalSection
	GlobalSection(NestedProjects) = preSolution
		{8631A2A9-8792-482B-ACA5-D00191676EF9} = {2024A7A1-838D-4047-9705-0800068B986C}
	EndGlobalSection
	GlobalSection(ExtensibilityGlobals) = postSolution
		SolutionGuid = {40997FA2-2F22-4C95-AA71-E8BF93B76214}
	EndGlobalSection
EndGlobal
