
Microsoft Visual Studio Solution File, Format Version 12.00
# Visual Studio Version 17
VisualStudioVersion = 17.10.35027.167
MinimumVisualStudioVersion = 10.0.40219.1
Project("{9A19103F-16F7-4668-BE54-9A1E7A4F7556}") = "HypeLab.RxPatternsResolver", "HypeLab.RxPatternsResolver\HypeLab.RxPatternsResolver.csproj", "{8631A2A9-8792-482B-ACA5-D00191676EF9}"
EndProject
Project("{2150E333-8FDC-42A3-9474-1A3956D46DE8}") = "src", "src", "{2024A7A1-838D-4047-9705-0800068B986C}"
EndProject
Project("{9A19103F-16F7-4668-BE54-9A1E7A4F7556}") = "HypeLab.MailEngine", "HypeLab.MailEngine\HypeLab.MailEngine.csproj", "{2CB50929-F67D-47EB-92AF-5E615056A37D}"
EndProject
Project("{9A19103F-16F7-4668-BE54-9A1E7A4F7556}") = "TestApiForLibraries", "TestApiForLibraries\TestApiForLibraries.csproj", "{9664EB1B-E9A6-4641-B99A-C9696C56FDE7}"
EndProject
Project("{9A19103F-16F7-4668-BE54-9A1E7A4F7556}") = "HypeLab.BackgroundTasks", "HypeLab.BackgroundTasks\HypeLab.BackgroundTasks.csproj", "{09A05E73-4816-48EE-8CC4-6BB5DCFD183F}"
EndProject
Project("{2150E333-8FDC-42A3-9474-1A3956D46DE8}") = "core", "core", "{0C5020D9-6A3C-471F-A764-0B31B3B57521}"
EndProject
Project("{FAE04EC0-301F-11D3-BF4B-00C04F79EFBC}") = "HypeLab.DnsLookupClient", "HypeLab.DnsLookupClient\HypeLab.DnsLookupClient.csproj", "{00BEF3E8-A281-4103-8F86-0986CF83A2AB}"
EndProject
Project("{2150E333-8FDC-42A3-9474-1A3956D46DE8}") = "tests", "tests", "{02EA681E-C7D8-13C7-8484-4AC65E1B71E8}"
EndProject
Project("{FAE04EC0-301F-11D3-BF4B-00C04F79EFBC}") = "ExcelTests", "ExcelTests\ExcelTests.csproj", "{FA460B9E-A5AA-4263-905F-E5EFE6336855}"
EndProject
Project("{2150E333-8FDC-42A3-9474-1A3956D46DE8}") = "IO", "IO", "{43CBACF2-14E8-4BF0-9DC5-16C772433907}"
EndProject
Project("{FAE04EC0-301F-11D3-BF4B-00C04F79EFBC}") = "HypeLab.IO.Excel", "HypeLab.IO.Excel\HypeLab.IO.Excel.csproj", "{7C977F03-C81F-4D16-8115-36B3057034C7}"
EndProject
Project("{FAE04EC0-301F-11D3-BF4B-00C04F79EFBC}") = "HypeLab.IO.Csv", "HypeLab.IO.Csv\HypeLab.IO.Csv.csproj", "{4C85C09B-873C-460F-BC69-C11317E4D755}"
EndProject
Project("{FAE04EC0-301F-11D3-BF4B-00C04F79EFBC}") = "HypeLab.IO.Core", "HypeLab.IO.Core\HypeLab.IO.Core.csproj", "{C524B437-F13A-4C26-9940-6EBDADF76055}"
EndProject
Project("{2150E333-8FDC-42A3-9474-1A3956D46DE8}") = "Solution Items", "Solution Items", "{7DCD033D-E2ED-419E-80E9-188B12252574}"
	ProjectSection(SolutionItems) = preProject
		.editorconfig = .editorconfig
	EndProjectSection
EndProject
Project("{FAE04EC0-301F-11D3-BF4B-00C04F79EFBC}") = "Tests.Common", "Tests.Common\Tests.Common.csproj", "{7E741460-5493-434C-A19F-58BB1EAF6C1F}"
EndProject
Project("{FAE04EC0-301F-11D3-BF4B-00C04F79EFBC}") = "ExcelTestsLocal", "ExcelTestsLocal\ExcelTestsLocal.csproj", "{B9C2DD7E-CFBC-46BF-9F8B-4D5DD93FBA69}"
EndProject
Project("{2150E333-8FDC-42A3-9474-1A3956D46DE8}") = "benchmarks", "benchmarks", "{6F728D83-F8C7-440F-931F-376DBC57B13C}"
EndProject
Project("{FAE04EC0-301F-11D3-BF4B-00C04F79EFBC}") = "HypeLab.LibraryBenchmarks", "HypeLab.LibraryBenchmarks\HypeLab.LibraryBenchmarks.csproj", "{26469CC2-FBAA-47C5-8A5F-221A68146214}"
EndProject
Global
	GlobalSection(SolutionConfigurationPlatforms) = preSolution
		Debug|Any CPU = Debug|Any CPU
		Release|Any CPU = Release|Any CPU
	EndGlobalSection
	GlobalSection(ProjectConfigurationPlatforms) = postSolution
		{8631A2A9-8792-482B-ACA5-D00191676EF9}.Debug|Any CPU.ActiveCfg = Debug|Any CPU
		{8631A2A9-8792-482B-ACA5-D00191676EF9}.Debug|Any CPU.Build.0 = Debug|Any CPU
		{8631A2A9-8792-482B-ACA5-D00191676EF9}.Release|Any CPU.ActiveCfg = Release|Any CPU
		{8631A2A9-8792-482B-ACA5-D00191676EF9}.Release|Any CPU.Build.0 = Release|Any CPU
		{2CB50929-F67D-47EB-92AF-5E615056A37D}.Debug|Any CPU.ActiveCfg = Debug|Any CPU
		{2CB50929-F67D-47EB-92AF-5E615056A37D}.Debug|Any CPU.Build.0 = Debug|Any CPU
		{2CB50929-F67D-47EB-92AF-5E615056A37D}.Release|Any CPU.ActiveCfg = Release|Any CPU
		{2CB50929-F67D-47EB-92AF-5E615056A37D}.Release|Any CPU.Build.0 = Release|Any CPU
		{9664EB1B-E9A6-4641-B99A-C9696C56FDE7}.Debug|Any CPU.ActiveCfg = Debug|Any CPU
		{9664EB1B-E9A6-4641-B99A-C9696C56FDE7}.Debug|Any CPU.Build.0 = Debug|Any CPU
		{9664EB1B-E9A6-4641-B99A-C9696C56FDE7}.Release|Any CPU.ActiveCfg = Release|Any CPU
		{9664EB1B-E9A6-4641-B99A-C9696C56FDE7}.Release|Any CPU.Build.0 = Release|Any CPU
		{09A05E73-4816-48EE-8CC4-6BB5DCFD183F}.Debug|Any CPU.ActiveCfg = Debug|Any CPU
		{09A05E73-4816-48EE-8CC4-6BB5DCFD183F}.Debug|Any CPU.Build.0 = Debug|Any CPU
		{09A05E73-4816-48EE-8CC4-6BB5DCFD183F}.Release|Any CPU.ActiveCfg = Release|Any CPU
		{09A05E73-4816-48EE-8CC4-6BB5DCFD183F}.Release|Any CPU.Build.0 = Release|Any CPU
		{00BEF3E8-A281-4103-8F86-0986CF83A2AB}.Debug|Any CPU.ActiveCfg = Debug|Any CPU
		{00BEF3E8-A281-4103-8F86-0986CF83A2AB}.Debug|Any CPU.Build.0 = Debug|Any CPU
		{00BEF3E8-A281-4103-8F86-0986CF83A2AB}.Release|Any CPU.ActiveCfg = Release|Any CPU
		{00BEF3E8-A281-4103-8F86-0986CF83A2AB}.Release|Any CPU.Build.0 = Release|Any CPU
		{FA460B9E-A5AA-4263-905F-E5EFE6336855}.Debug|Any CPU.ActiveCfg = Debug|Any CPU
		{FA460B9E-A5AA-4263-905F-E5EFE6336855}.Debug|Any CPU.Build.0 = Debug|Any CPU
		{FA460B9E-A5AA-4263-905F-E5EFE6336855}.Release|Any CPU.ActiveCfg = Release|Any CPU
		{FA460B9E-A5AA-4263-905F-E5EFE6336855}.Release|Any CPU.Build.0 = Release|Any CPU
		{7C977F03-C81F-4D16-8115-36B3057034C7}.Debug|Any CPU.ActiveCfg = Debug|Any CPU
		{7C977F03-C81F-4D16-8115-36B3057034C7}.Debug|Any CPU.Build.0 = Debug|Any CPU
		{7C977F03-C81F-4D16-8115-36B3057034C7}.Release|Any CPU.ActiveCfg = Release|Any CPU
		{7C977F03-C81F-4D16-8115-36B3057034C7}.Release|Any CPU.Build.0 = Release|Any CPU
		{4C85C09B-873C-460F-BC69-C11317E4D755}.Debug|Any CPU.ActiveCfg = Debug|Any CPU
		{4C85C09B-873C-460F-BC69-C11317E4D755}.Debug|Any CPU.Build.0 = Debug|Any CPU
		{4C85C09B-873C-460F-BC69-C11317E4D755}.Release|Any CPU.ActiveCfg = Release|Any CPU
		{4C85C09B-873C-460F-BC69-C11317E4D755}.Release|Any CPU.Build.0 = Release|Any CPU
		{C524B437-F13A-4C26-9940-6EBDADF76055}.Debug|Any CPU.ActiveCfg = Debug|Any CPU
		{C524B437-F13A-4C26-9940-6EBDADF76055}.Debug|Any CPU.Build.0 = Debug|Any CPU
		{C524B437-F13A-4C26-9940-6EBDADF76055}.Release|Any CPU.ActiveCfg = Release|Any CPU
		{C524B437-F13A-4C26-9940-6EBDADF76055}.Release|Any CPU.Build.0 = Release|Any CPU
		{7E741460-5493-434C-A19F-58BB1EAF6C1F}.Debug|Any CPU.ActiveCfg = Debug|Any CPU
		{7E741460-5493-434C-A19F-58BB1EAF6C1F}.Debug|Any CPU.Build.0 = Debug|Any CPU
		{7E741460-5493-434C-A19F-58BB1EAF6C1F}.Release|Any CPU.ActiveCfg = Release|Any CPU
		{7E741460-5493-434C-A19F-58BB1EAF6C1F}.Release|Any CPU.Build.0 = Release|Any CPU
		{B9C2DD7E-CFBC-46BF-9F8B-4D5DD93FBA69}.Debug|Any CPU.ActiveCfg = Debug|Any CPU
		{B9C2DD7E-CFBC-46BF-9F8B-4D5DD93FBA69}.Debug|Any CPU.Build.0 = Debug|Any CPU
		{B9C2DD7E-CFBC-46BF-9F8B-4D5DD93FBA69}.Release|Any CPU.ActiveCfg = Release|Any CPU
		{B9C2DD7E-CFBC-46BF-9F8B-4D5DD93FBA69}.Release|Any CPU.Build.0 = Release|Any CPU
		{26469CC2-FBAA-47C5-8A5F-221A68146214}.Debug|Any CPU.ActiveCfg = Debug|Any CPU
		{26469CC2-FBAA-47C5-8A5F-221A68146214}.Debug|Any CPU.Build.0 = Debug|Any CPU
		{26469CC2-FBAA-47C5-8A5F-221A68146214}.Release|Any CPU.ActiveCfg = Release|Any CPU
		{26469CC2-FBAA-47C5-8A5F-221A68146214}.Release|Any CPU.Build.0 = Release|Any CPU
	EndGlobalSection
	GlobalSection(SolutionProperties) = preSolution
		HideSolutionNode = FALSE
	EndGlobalSection
	GlobalSection(NestedProjects) = preSolution
		{8631A2A9-8792-482B-ACA5-D00191676EF9} = {2024A7A1-838D-4047-9705-0800068B986C}
		{2CB50929-F67D-47EB-92AF-5E615056A37D} = {2024A7A1-838D-4047-9705-0800068B986C}
		{9664EB1B-E9A6-4641-B99A-C9696C56FDE7} = {02EA681E-C7D8-13C7-8484-4AC65E1B71E8}
		{09A05E73-4816-48EE-8CC4-6BB5DCFD183F} = {2024A7A1-838D-4047-9705-0800068B986C}
		{0C5020D9-6A3C-471F-A764-0B31B3B57521} = {2024A7A1-838D-4047-9705-0800068B986C}
		{00BEF3E8-A281-4103-8F86-0986CF83A2AB} = {0C5020D9-6A3C-471F-A764-0B31B3B57521}
		{02EA681E-C7D8-13C7-8484-4AC65E1B71E8} = {2024A7A1-838D-4047-9705-0800068B986C}
		{FA460B9E-A5AA-4263-905F-E5EFE6336855} = {02EA681E-C7D8-13C7-8484-4AC65E1B71E8}
		{43CBACF2-14E8-4BF0-9DC5-16C772433907} = {2024A7A1-838D-4047-9705-0800068B986C}
		{7C977F03-C81F-4D16-8115-36B3057034C7} = {43CBACF2-14E8-4BF0-9DC5-16C772433907}
		{4C85C09B-873C-460F-BC69-C11317E4D755} = {43CBACF2-14E8-4BF0-9DC5-16C772433907}
		{C524B437-F13A-4C26-9940-6EBDADF76055} = {43CBACF2-14E8-4BF0-9DC5-16C772433907}
		{7E741460-5493-434C-A19F-58BB1EAF6C1F} = {02EA681E-C7D8-13C7-8484-4AC65E1B71E8}
		{B9C2DD7E-CFBC-46BF-9F8B-4D5DD93FBA69} = {02EA681E-C7D8-13C7-8484-4AC65E1B71E8}
		{6F728D83-F8C7-440F-931F-376DBC57B13C} = {2024A7A1-838D-4047-9705-0800068B986C}
		{26469CC2-FBAA-47C5-8A5F-221A68146214} = {6F728D83-F8C7-440F-931F-376DBC57B13C}
	EndGlobalSection
	GlobalSection(ExtensibilityGlobals) = postSolution
		SolutionGuid = {40997FA2-2F22-4C95-AA71-E8BF93B76214}
	EndGlobalSection
EndGlobal
